
Microsoft Visual Studio Solution File, Format Version 12.00
# Visual Studio 15
VisualStudioVersion = 15.0.27130.2024
MinimumVisualStudioVersion = 10.0.40219.1
Project("{FAE04EC0-301F-11D3-BF4B-00C04F79EFBC}") = "Prog 1", "Prog 1\Prog 1.csproj", "{6FF7F132-FD2D-4A69-91BE-25FFF1DDEDD8}"
EndProject
Global
	GlobalSection(SolutionConfigurationPlatforms) = preSolution
		Debug|Any CPU = Debug|Any CPU
		Release|Any CPU = Release|Any CPU
	EndGlobalSection
	GlobalSection(ProjectConfigurationPlatforms) = postSolution
		{6FF7F132-FD2D-4A69-91BE-25FFF1DDEDD8}.Debug|Any CPU.ActiveCfg = Debug|Any CPU
		{6FF7F132-FD2D-4A69-91BE-25FFF1DDEDD8}.Debug|Any CPU.Build.0 = Debug|Any CPU
		{6FF7F132-FD2D-4A69-91BE-25FFF1DDEDD8}.Release|Any CPU.ActiveCfg = Release|Any CPU
		{6FF7F132-FD2D-4A69-91BE-25FFF1DDEDD8}.Release|Any CPU.Build.0 = Release|Any CPU
	EndGlobalSection
	GlobalSection(SolutionProperties) = preSolution
		HideSolutionNode = FALSE
	EndGlobalSection
	GlobalSection(ExtensibilityGlobals) = postSolution
		SolutionGuid = {F62034D3-475F-41EA-BFD2-50FA73BE688B}
	EndGlobalSection
EndGlobal
